
Microsoft Visual Studio Solution File, Format Version 12.00
# Visual Studio Version 18
VisualStudioVersion = 18.1.11312.151
MinimumVisualStudioVersion = 10.0.40219.1
Project("{FAE04EC0-301F-11D3-BF4B-00C04F79EFBC}") = "ChildApp.ShiftJis", "MSLibrary\System.Diagnostics.Process\ChildApp.ShiftJis\ChildApp.ShiftJis.csproj", "{EA1F0927-47EF-4E7C-9D9D-D6BED2966F1B}"
EndProject
Project("{FAE04EC0-301F-11D3-BF4B-00C04F79EFBC}") = "ProcessEncoding.Tests", "MSLibrary\System.Diagnostics.Process\ProcessEncoding.Tests\ProcessEncoding.Tests.csproj", "{FB4B19B7-06B2-4212-9BF3-66900AFCFEF5}"
EndProject
Project("{FAE04EC0-301F-11D3-BF4B-00C04F79EFBC}") = "DllImportInvoker", "MSLibrary\System.Runtime.InteropServices.DllImportAttribute\DllImportInvoker\DllImportInvoker.csproj", "{840146B8-05F1-4321-B022-BE24C1C84B5D}"
EndProject
Project("{FAE04EC0-301F-11D3-BF4B-00C04F79EFBC}") = "DllImportSearchFromCurrentDirectoryTests", "MSLibrary\System.Runtime.InteropServices.DllImportAttribute\DllImportSearchFromCurrentDirectoryTests\DllImportSearchFromCurrentDirectoryTests.csproj", "{D61EAFF3-660E-444B-98DB-E526E0AE1166}"
EndProject
Project("{2150E333-8FDC-42A3-9474-1A3956D46DE8}") = "DllImport", "DllImport", "{DDB4EF12-CC4E-5E88-E6FC-71A802F4DE97}"
EndProject
Project("{2150E333-8FDC-42A3-9474-1A3956D46DE8}") = "System.Diagnostics.Process", "System.Diagnostics.Process", "{5805FDF0-0D4C-40FE-8B42-47D651960A64}"
EndProject
Project("{FAE04EC0-301F-11D3-BF4B-00C04F79EFBC}") = "my", "MSLibrary\System.Runtime.InteropServices.DllImportAttribute\my\my.csproj", "{B1ACA511-3169-4A28-8131-B425EB8F1D77}"
EndProject
Project("{FAE04EC0-301F-11D3-BF4B-00C04F79EFBC}") = "TestProj", "SQLiteProcessRepro\TestProj\TestProj.csproj", "{099CA0F4-1DA3-AD8C-685B-BC440A17908E}"
EndProject
Project("{FAE04EC0-301F-11D3-BF4B-00C04F79EFBC}") = "ProcessA", "SQLiteProcessRepro\ProcessA\ProcessA.csproj", "{B92F539E-8166-F734-F638-073DD37F8AF2}"
EndProject
Project("{FAE04EC0-301F-11D3-BF4B-00C04F79EFBC}") = "LibraryA", "SQLiteProcessRepro\LibraryA\LibraryA.csproj", "{375F8506-4DD6-A273-EC06-3D5601CD9E50}"
EndProject
Project("{FAE04EC0-301F-11D3-BF4B-00C04F79EFBC}") = "LibraryB", "SQLiteProcessRepro\LibraryB\LibraryB.csproj", "{E3E0F3C2-065F-6195-E499-F7CB988927B7}"
EndProject
Project("{2150E333-8FDC-42A3-9474-1A3956D46DE8}") = "Encoding", "Encoding", "{5DD9422B-26A0-4F84-97E1-F6743D4F2F8F}"
EndProject
Project("{FAE04EC0-301F-11D3-BF4B-00C04F79EFBC}") = "LibraryC", "SQLiteProcessRepro\LibraryC\LibraryC.csproj", "{416DF4A2-261E-48CB-BF7E-533011F5D8D9}"
EndProject
Project("{2150E333-8FDC-42A3-9474-1A3956D46DE8}") = "Object", "Object", "{BCF96886-2ECE-4C09-B0BC-D94B1D3652E3}"
EndProject
Project("{FAE04EC0-301F-11D3-BF4B-00C04F79EFBC}") = "CompareRefVal", "Object\CompareRefVal\CompareRefVal.csproj", "{4A203668-C509-4F33-9542-2A67D0E939BF}"
EndProject
Project("{FAE04EC0-301F-11D3-BF4B-00C04F79EFBC}") = "CultureInfo", "MSLibrary\System.DateTime\CultureInfo\CultureInfo.csproj", "{8EEA93B2-361D-415E-8F15-7D105D2E2E10}"
EndProject
Project("{2150E333-8FDC-42A3-9474-1A3956D46DE8}") = "System.DateTime", "System.DateTime", "{986893B8-FC52-41EE-94E7-F8ECF8220FBE}"
EndProject
Project("{2150E333-8FDC-42A3-9474-1A3956D46DE8}") = "System.String", "System.String", "{7637B6B1-AA69-451C-8857-349ECA070BBA}"
EndProject
Project("{FAE04EC0-301F-11D3-BF4B-00C04F79EFBC}") = "CultureInfo", "MSLibrary\System.String\CultureInfo\CultureInfo.csproj", "{A9E15650-1B72-47BE-BE86-442A139566EC}"
EndProject
Global
	GlobalSection(SolutionConfigurationPlatforms) = preSolution
		Debug|Any CPU = Debug|Any CPU
		Release|Any CPU = Release|Any CPU
	EndGlobalSection
	GlobalSection(ProjectConfigurationPlatforms) = postSolution
		{EA1F0927-47EF-4E7C-9D9D-D6BED2966F1B}.Debug|Any CPU.ActiveCfg = Debug|Any CPU
		{EA1F0927-47EF-4E7C-9D9D-D6BED2966F1B}.Debug|Any CPU.Build.0 = Debug|Any CPU
		{EA1F0927-47EF-4E7C-9D9D-D6BED2966F1B}.Release|Any CPU.ActiveCfg = Release|Any CPU
		{EA1F0927-47EF-4E7C-9D9D-D6BED2966F1B}.Release|Any CPU.Build.0 = Release|Any CPU
		{FB4B19B7-06B2-4212-9BF3-66900AFCFEF5}.Debug|Any CPU.ActiveCfg = Debug|Any CPU
		{FB4B19B7-06B2-4212-9BF3-66900AFCFEF5}.Debug|Any CPU.Build.0 = Debug|Any CPU
		{FB4B19B7-06B2-4212-9BF3-66900AFCFEF5}.Release|Any CPU.ActiveCfg = Release|Any CPU
		{FB4B19B7-06B2-4212-9BF3-66900AFCFEF5}.Release|Any CPU.Build.0 = Release|Any CPU
		{840146B8-05F1-4321-B022-BE24C1C84B5D}.Debug|Any CPU.ActiveCfg = Debug|Any CPU
		{840146B8-05F1-4321-B022-BE24C1C84B5D}.Debug|Any CPU.Build.0 = Debug|Any CPU
		{840146B8-05F1-4321-B022-BE24C1C84B5D}.Release|Any CPU.ActiveCfg = Release|Any CPU
		{840146B8-05F1-4321-B022-BE24C1C84B5D}.Release|Any CPU.Build.0 = Release|Any CPU
		{D61EAFF3-660E-444B-98DB-E526E0AE1166}.Debug|Any CPU.ActiveCfg = Debug|Any CPU
		{D61EAFF3-660E-444B-98DB-E526E0AE1166}.Debug|Any CPU.Build.0 = Debug|Any CPU
		{D61EAFF3-660E-444B-98DB-E526E0AE1166}.Release|Any CPU.ActiveCfg = Release|Any CPU
		{D61EAFF3-660E-444B-98DB-E526E0AE1166}.Release|Any CPU.Build.0 = Release|Any CPU
		{B1ACA511-3169-4A28-8131-B425EB8F1D77}.Debug|Any CPU.ActiveCfg = Debug|Any CPU
		{B1ACA511-3169-4A28-8131-B425EB8F1D77}.Debug|Any CPU.Build.0 = Debug|Any CPU
		{B1ACA511-3169-4A28-8131-B425EB8F1D77}.Release|Any CPU.ActiveCfg = Release|Any CPU
		{B1ACA511-3169-4A28-8131-B425EB8F1D77}.Release|Any CPU.Build.0 = Release|Any CPU
		{099CA0F4-1DA3-AD8C-685B-BC440A17908E}.Debug|Any CPU.ActiveCfg = Debug|Any CPU
		{099CA0F4-1DA3-AD8C-685B-BC440A17908E}.Debug|Any CPU.Build.0 = Debug|Any CPU
		{099CA0F4-1DA3-AD8C-685B-BC440A17908E}.Release|Any CPU.ActiveCfg = Release|Any CPU
		{099CA0F4-1DA3-AD8C-685B-BC440A17908E}.Release|Any CPU.Build.0 = Release|Any CPU
		{B92F539E-8166-F734-F638-073DD37F8AF2}.Debug|Any CPU.ActiveCfg = Debug|Any CPU
		{B92F539E-8166-F734-F638-073DD37F8AF2}.Debug|Any CPU.Build.0 = Debug|Any CPU
		{B92F539E-8166-F734-F638-073DD37F8AF2}.Release|Any CPU.ActiveCfg = Release|Any CPU
		{B92F539E-8166-F734-F638-073DD37F8AF2}.Release|Any CPU.Build.0 = Release|Any CPU
		{375F8506-4DD6-A273-EC06-3D5601CD9E50}.Debug|Any CPU.ActiveCfg = Debug|Any CPU
		{375F8506-4DD6-A273-EC06-3D5601CD9E50}.Debug|Any CPU.Build.0 = Debug|Any CPU
		{375F8506-4DD6-A273-EC06-3D5601CD9E50}.Release|Any CPU.ActiveCfg = Release|Any CPU
		{375F8506-4DD6-A273-EC06-3D5601CD9E50}.Release|Any CPU.Build.0 = Release|Any CPU
		{E3E0F3C2-065F-6195-E499-F7CB988927B7}.Debug|Any CPU.ActiveCfg = Debug|Any CPU
		{E3E0F3C2-065F-6195-E499-F7CB988927B7}.Debug|Any CPU.Build.0 = Debug|Any CPU
		{E3E0F3C2-065F-6195-E499-F7CB988927B7}.Release|Any CPU.ActiveCfg = Release|Any CPU
		{E3E0F3C2-065F-6195-E499-F7CB988927B7}.Release|Any CPU.Build.0 = Release|Any CPU
		{416DF4A2-261E-48CB-BF7E-533011F5D8D9}.Debug|Any CPU.ActiveCfg = Debug|Any CPU
		{416DF4A2-261E-48CB-BF7E-533011F5D8D9}.Debug|Any CPU.Build.0 = Debug|Any CPU
		{416DF4A2-261E-48CB-BF7E-533011F5D8D9}.Release|Any CPU.ActiveCfg = Release|Any CPU
		{416DF4A2-261E-48CB-BF7E-533011F5D8D9}.Release|Any CPU.Build.0 = Release|Any CPU
		{4A203668-C509-4F33-9542-2A67D0E939BF}.Debug|Any CPU.ActiveCfg = Debug|Any CPU
		{4A203668-C509-4F33-9542-2A67D0E939BF}.Debug|Any CPU.Build.0 = Debug|Any CPU
		{4A203668-C509-4F33-9542-2A67D0E939BF}.Release|Any CPU.ActiveCfg = Release|Any CPU
		{4A203668-C509-4F33-9542-2A67D0E939BF}.Release|Any CPU.Build.0 = Release|Any CPU
		{8EEA93B2-361D-415E-8F15-7D105D2E2E10}.Debug|Any CPU.ActiveCfg = Debug|Any CPU
		{8EEA93B2-361D-415E-8F15-7D105D2E2E10}.Debug|Any CPU.Build.0 = Debug|Any CPU
		{8EEA93B2-361D-415E-8F15-7D105D2E2E10}.Release|Any CPU.ActiveCfg = Release|Any CPU
		{8EEA93B2-361D-415E-8F15-7D105D2E2E10}.Release|Any CPU.Build.0 = Release|Any CPU
		{A9E15650-1B72-47BE-BE86-442A139566EC}.Debug|Any CPU.ActiveCfg = Debug|Any CPU
		{A9E15650-1B72-47BE-BE86-442A139566EC}.Debug|Any CPU.Build.0 = Debug|Any CPU
		{A9E15650-1B72-47BE-BE86-442A139566EC}.Release|Any CPU.ActiveCfg = Release|Any CPU
		{A9E15650-1B72-47BE-BE86-442A139566EC}.Release|Any CPU.Build.0 = Release|Any CPU
	EndGlobalSection
	GlobalSection(SolutionProperties) = preSolution
		HideSolutionNode = FALSE
	EndGlobalSection
	GlobalSection(NestedProjects) = preSolution
		{EA1F0927-47EF-4E7C-9D9D-D6BED2966F1B} = {5DD9422B-26A0-4F84-97E1-F6743D4F2F8F}
		{FB4B19B7-06B2-4212-9BF3-66900AFCFEF5} = {5DD9422B-26A0-4F84-97E1-F6743D4F2F8F}
		{840146B8-05F1-4321-B022-BE24C1C84B5D} = {DDB4EF12-CC4E-5E88-E6FC-71A802F4DE97}
		{D61EAFF3-660E-444B-98DB-E526E0AE1166} = {DDB4EF12-CC4E-5E88-E6FC-71A802F4DE97}
		{B1ACA511-3169-4A28-8131-B425EB8F1D77} = {DDB4EF12-CC4E-5E88-E6FC-71A802F4DE97}
		{099CA0F4-1DA3-AD8C-685B-BC440A17908E} = {DDB4EF12-CC4E-5E88-E6FC-71A802F4DE97}
		{B92F539E-8166-F734-F638-073DD37F8AF2} = {DDB4EF12-CC4E-5E88-E6FC-71A802F4DE97}
		{375F8506-4DD6-A273-EC06-3D5601CD9E50} = {DDB4EF12-CC4E-5E88-E6FC-71A802F4DE97}
		{E3E0F3C2-065F-6195-E499-F7CB988927B7} = {DDB4EF12-CC4E-5E88-E6FC-71A802F4DE97}
		{5DD9422B-26A0-4F84-97E1-F6743D4F2F8F} = {5805FDF0-0D4C-40FE-8B42-47D651960A64}
		{416DF4A2-261E-48CB-BF7E-533011F5D8D9} = {DDB4EF12-CC4E-5E88-E6FC-71A802F4DE97}
		{4A203668-C509-4F33-9542-2A67D0E939BF} = {BCF96886-2ECE-4C09-B0BC-D94B1D3652E3}
		{8EEA93B2-361D-415E-8F15-7D105D2E2E10} = {986893B8-FC52-41EE-94E7-F8ECF8220FBE}
		{A9E15650-1B72-47BE-BE86-442A139566EC} = {7637B6B1-AA69-451C-8857-349ECA070BBA}
	EndGlobalSection
	GlobalSection(ExtensibilityGlobals) = postSolution
		SolutionGuid = {487FE0AA-4DA5-438D-866C-5C5EA8B426B8}
	EndGlobalSection
EndGlobal
